
Microsoft Visual Studio Solution File, Format Version 12.00
# Visual Studio Version 16
VisualStudioVersion = 16.0.29201.188
MinimumVisualStudioVersion = 10.0.40219.1
Project("{FAE04EC0-301F-11D3-BF4B-00C04F79EFBC}") = "Core", "Core\Core.csproj", "{176F7A5A-04E2-46D1-9C17-D398B755F285}"
EndProject
Project("{FAE04EC0-301F-11D3-BF4B-00C04F79EFBC}") = "Data", "Data\Data.csproj", "{BE0874F9-79C0-4634-9153-AB84C2A0E062}"
EndProject
Project("{FAE04EC0-301F-11D3-BF4B-00C04F79EFBC}") = "Angular", "Angular\Angular.csproj", "{C49254C4-3062-4317-8581-A25F4C79F594}"
EndProject
Project("{FAE04EC0-301F-11D3-BF4B-00C04F79EFBC}") = "Interfaces", "Interfaces\Interfaces.csproj", "{5E8A4E93-7B2C-4796-9133-C23FD45D7B25}"
EndProject
Project("{FAE04EC0-301F-11D3-BF4B-00C04F79EFBC}") = "IoC", "IoC\IoC.csproj", "{A2273EDF-124F-4445-8FA2-75BA1C66CF23}"
EndProject
Global
	GlobalSection(SolutionConfigurationPlatforms) = preSolution
		Debug|Any CPU = Debug|Any CPU
		Release|Any CPU = Release|Any CPU
	EndGlobalSection
	GlobalSection(ProjectConfigurationPlatforms) = postSolution
		{176F7A5A-04E2-46D1-9C17-D398B755F285}.Debug|Any CPU.ActiveCfg = Debug|Any CPU
		{176F7A5A-04E2-46D1-9C17-D398B755F285}.Debug|Any CPU.Build.0 = Debug|Any CPU
		{176F7A5A-04E2-46D1-9C17-D398B755F285}.Release|Any CPU.ActiveCfg = Release|Any CPU
		{176F7A5A-04E2-46D1-9C17-D398B755F285}.Release|Any CPU.Build.0 = Release|Any CPU
		{BE0874F9-79C0-4634-9153-AB84C2A0E062}.Debug|Any CPU.ActiveCfg = Debug|Any CPU
		{BE0874F9-79C0-4634-9153-AB84C2A0E062}.Debug|Any CPU.Build.0 = Debug|Any CPU
		{BE0874F9-79C0-4634-9153-AB84C2A0E062}.Release|Any CPU.ActiveCfg = Release|Any CPU
		{BE0874F9-79C0-4634-9153-AB84C2A0E062}.Release|Any CPU.Build.0 = Release|Any CPU
		{C49254C4-3062-4317-8581-A25F4C79F594}.Debug|Any CPU.ActiveCfg = Debug|Any CPU
		{C49254C4-3062-4317-8581-A25F4C79F594}.Debug|Any CPU.Build.0 = Debug|Any CPU
		{C49254C4-3062-4317-8581-A25F4C79F594}.Release|Any CPU.ActiveCfg = Release|Any CPU
		{C49254C4-3062-4317-8581-A25F4C79F594}.Release|Any CPU.Build.0 = Release|Any CPU
		{5E8A4E93-7B2C-4796-9133-C23FD45D7B25}.Debug|Any CPU.ActiveCfg = Debug|Any CPU
		{5E8A4E93-7B2C-4796-9133-C23FD45D7B25}.Debug|Any CPU.Build.0 = Debug|Any CPU
		{5E8A4E93-7B2C-4796-9133-C23FD45D7B25}.Release|Any CPU.ActiveCfg = Release|Any CPU
		{5E8A4E93-7B2C-4796-9133-C23FD45D7B25}.Release|Any CPU.Build.0 = Release|Any CPU
		{A2273EDF-124F-4445-8FA2-75BA1C66CF23}.Debug|Any CPU.ActiveCfg = Debug|Any CPU
		{A2273EDF-124F-4445-8FA2-75BA1C66CF23}.Debug|Any CPU.Build.0 = Debug|Any CPU
		{A2273EDF-124F-4445-8FA2-75BA1C66CF23}.Release|Any CPU.ActiveCfg = Release|Any CPU
		{A2273EDF-124F-4445-8FA2-75BA1C66CF23}.Release|Any CPU.Build.0 = Release|Any CPU
	EndGlobalSection
	GlobalSection(SolutionProperties) = preSolution
		HideSolutionNode = FALSE
	EndGlobalSection
	GlobalSection(ExtensibilityGlobals) = postSolution
		SolutionGuid = {6E8FD66F-1930-4F9D-908D-0070A1180E43}
	EndGlobalSection
EndGlobal
